{
  "name": "dummy",
  "version": "1.0.0",
  "lockfileVersion": 2,
  "requires": true,
  "packages": {
    "": {
      "name": "dummy",
      "version": "1.0.0",
      "license": "ISC",
      "dependencies": {
        "glee-client": "file:../.."
      }
    },
    "../..": {
      "version": "1.0.0",
      "license": "ISC",
      "dependencies": {
        "@asyncapi/parser": "^1.17.1",
        "events": "^3.3.0",
        "typescript": "^4.8.4"
      }
    },
    "node_modules/glee-client": {
      "resolved": "../..",
      "link": true
    }
  },
  "dependencies": {
    "glee-client": {
      "version": "file:../..",
      "requires": {
        "@asyncapi/parser": "^1.17.1",
        "events": "^3.3.0",
        "typescript": "^4.8.4"
      }
    }
  }
}
